
Microsoft Visual Studio Solution File, Format Version 12.00
# Visual Studio Version 17
VisualStudioVersion = 17.14.36414.22 d17.14
MinimumVisualStudioVersion = 10.0.40219.1
Project("{FAE04EC0-301F-11D3-BF4B-00C04F79EFBC}") = "sweet_home", "sweet_home\sweet_home.csproj", "{056F61C3-416B-4DA6-923E-E0712414CFD9}"
EndProject
Global
	GlobalSection(SolutionConfigurationPlatforms) = preSolution
		Debug|Any CPU = Debug|Any CPU
		Release|Any CPU = Release|Any CPU
	EndGlobalSection
	GlobalSection(ProjectConfigurationPlatforms) = postSolution
		{056F61C3-416B-4DA6-923E-E0712414CFD9}.Debug|Any CPU.ActiveCfg = Debug|Any CPU
		{056F61C3-416B-4DA6-923E-E0712414CFD9}.Debug|Any CPU.Build.0 = Debug|Any CPU
		{056F61C3-416B-4DA6-923E-E0712414CFD9}.Release|Any CPU.ActiveCfg = Release|Any CPU
		{056F61C3-416B-4DA6-923E-E0712414CFD9}.Release|Any CPU.Build.0 = Release|Any CPU
	EndGlobalSection
	GlobalSection(SolutionProperties) = preSolution
		HideSolutionNode = FALSE
	EndGlobalSection
	GlobalSection(ExtensibilityGlobals) = postSolution
		SolutionGuid = {0B1C405B-6E24-4B2A-9DB3-F2D1543AEAE2}
	EndGlobalSection
EndGlobal
